{
    "_readme": [
        "This file locks the dependencies of your project to a known state",
        "Read more about it at https://getcomposer.org/doc/01-basic-usage.md#installing-dependencies",
        "This file is @generated automatically"
    ],
    "content-hash": "c3c46c6bc21f2484a8aee127dd2ce6f0",
    "packages": [
        {
            "name": "tomitomas/jeedom-tools",
            "version": "0.3",
            "source": {
                "type": "git",
                "url": "https://github.com/tomitomas/jeedom-tools.git",
                "reference": "8f7d4fe048313088f9105c3814f5148bb9fd0e8d"
            },
            "dist": {
                "type": "zip",
                "url": "https://api.github.com/repos/tomitomas/jeedom-tools/zipball/8f7d4fe048313088f9105c3814f5148bb9fd0e8d",
                "reference": "8f7d4fe048313088f9105c3814f5148bb9fd0e8d",
                "shasum": ""
            },
            "type": "library",
            "autoload": {
                "psr-0": {
                    "tomitomasEqLogicTrait": "src/"
                }
            },
            "notification-url": "https://packagist.org/downloads/",
            "license": [
                "MIT"
            ],
            "authors": [
                {
                    "name": "ToMitOmAs"
                }
            ],
            "description": "Generic lib for jeedom plugins",
            "support": {
                "issues": "https://github.com/tomitomas/jeedom-tools/issues",
                "source": "https://github.com/tomitomas/jeedom-tools/tree/0.3"
            },
            "time": "2023-02-04T22:06:19+00:00"
        }
    ],
    "packages-dev": [],
    "aliases": [],
    "minimum-stability": "stable",
    "stability-flags": [],
    "prefer-stable": false,
    "prefer-lowest": false,
    "platform": [],
    "platform-dev": [],
    "plugin-api-version": "2.3.0"
}
