{
    "_readme": [
        "This file locks the dependencies of your project to a known state",
        "Read more about it at https://getcomposer.org/doc/01-basic-usage.md#installing-dependencies",
        "This file is @generated automatically"
    ],
    "content-hash": "cc650ede7bd35333ff9eae49f958a6a6",
    "packages": [
        {
            "name": "tomitomas/jeedom-tools",
            "version": "0.4",
            "source": {
                "type": "git",
                "url": "https://github.com/tomitomas/jeedom-tools.git",
                "reference": "8360eac5b73efecb4fde83154836a291377efe1d"
            },
            "dist": {
                "type": "zip",
                "url": "https://api.github.com/repos/tomitomas/jeedom-tools/zipball/8360eac5b73efecb4fde83154836a291377efe1d",
                "reference": "8360eac5b73efecb4fde83154836a291377efe1d",
                "shasum": ""
            },
            "type": "library",
            "autoload": {
                "psr-0": {
                    "tomitomasEqLogicTrait": "src/"
                }
            },
            "notification-url": "https://packagist.org/downloads/",
            "license": [
                "MIT"
            ],
            "authors": [
                {
                    "name": "ToMitOmAs"
                }
            ],
            "description": "Generic lib for jeedom plugins",
            "support": {
                "issues": "https://github.com/tomitomas/jeedom-tools/issues",
                "source": "https://github.com/tomitomas/jeedom-tools/tree/0.4"
            },
            "time": "2023-04-05T09:26:02+00:00"
        }
    ],
    "packages-dev": [],
    "aliases": [],
    "minimum-stability": "stable",
    "stability-flags": [],
    "prefer-stable": false,
    "prefer-lowest": false,
    "platform": [],
    "platform-dev": [],
    "plugin-api-version": "2.3.0"
}
